
Microsoft Visual Studio Solution File, Format Version 12.00
# Visual Studio Version 17
VisualStudioVersion = 17.3.32819.101
MinimumVisualStudioVersion = 10.0.40219.1
Project("{9A19103F-16F7-4668-BE54-9A1E7A4F7556}") = "YFS", "YFS.csproj", "{37F77382-5A0B-4D5C-99D0-56CCCC83297F}"
EndProject
Project("{9A19103F-16F7-4668-BE54-9A1E7A4F7556}") = "YFS.Core", "YFS.Core\YFS.Core.csproj", "{2B0D6272-CFB9-498A-9277-51A859B7B9BC}"
EndProject
Project("{9A19103F-16F7-4668-BE54-9A1E7A4F7556}") = "YFS.Service", "YFS.Service\YFS.Service.csproj", "{E9C95B93-C220-4B00-BD03-B0735901B86D}"
EndProject
Project("{9A19103F-16F7-4668-BE54-9A1E7A4F7556}") = "YFS.Repo", "YFS.Repo\YFS.Repo.csproj", "{86C89BE3-0E91-435F-BF73-7289B9EBDF3E}"
EndProject
Project("{FAE04EC0-301F-11D3-BF4B-00C04F79EFBC}") = "YFS.Tests", "YFS.Tests\YFS.Tests.csproj", "{B9C82911-6423-42AF-A76F-CB7D8A83F973}"
EndProject
Global
	GlobalSection(SolutionConfigurationPlatforms) = preSolution
		Debug|Any CPU = Debug|Any CPU
		Debug|x64 = Debug|x64
		Debug|x86 = Debug|x86
		Release|Any CPU = Release|Any CPU
		Release|x64 = Release|x64
		Release|x86 = Release|x86
	EndGlobalSection
	GlobalSection(ProjectConfigurationPlatforms) = postSolution
		{37F77382-5A0B-4D5C-99D0-56CCCC83297F}.Debug|Any CPU.ActiveCfg = Debug|Any CPU
		{37F77382-5A0B-4D5C-99D0-56CCCC83297F}.Debug|Any CPU.Build.0 = Debug|Any CPU
		{37F77382-5A0B-4D5C-99D0-56CCCC83297F}.Debug|x64.ActiveCfg = Debug|Any CPU
		{37F77382-5A0B-4D5C-99D0-56CCCC83297F}.Debug|x64.Build.0 = Debug|Any CPU
		{37F77382-5A0B-4D5C-99D0-56CCCC83297F}.Debug|x86.ActiveCfg = Debug|x86
		{37F77382-5A0B-4D5C-99D0-56CCCC83297F}.Debug|x86.Build.0 = Debug|x86
		{37F77382-5A0B-4D5C-99D0-56CCCC83297F}.Release|Any CPU.ActiveCfg = Release|Any CPU
		{37F77382-5A0B-4D5C-99D0-56CCCC83297F}.Release|Any CPU.Build.0 = Release|Any CPU
		{37F77382-5A0B-4D5C-99D0-56CCCC83297F}.Release|x64.ActiveCfg = Release|x64
		{37F77382-5A0B-4D5C-99D0-56CCCC83297F}.Release|x64.Build.0 = Release|x64
		{37F77382-5A0B-4D5C-99D0-56CCCC83297F}.Release|x86.ActiveCfg = Release|x86
		{37F77382-5A0B-4D5C-99D0-56CCCC83297F}.Release|x86.Build.0 = Release|x86
		{2B0D6272-CFB9-498A-9277-51A859B7B9BC}.Debug|Any CPU.ActiveCfg = Debug|Any CPU
		{2B0D6272-CFB9-498A-9277-51A859B7B9BC}.Debug|Any CPU.Build.0 = Debug|Any CPU
		{2B0D6272-CFB9-498A-9277-51A859B7B9BC}.Debug|x64.ActiveCfg = Debug|Any CPU
		{2B0D6272-CFB9-498A-9277-51A859B7B9BC}.Debug|x64.Build.0 = Debug|Any CPU
		{2B0D6272-CFB9-498A-9277-51A859B7B9BC}.Debug|x86.ActiveCfg = Debug|Any CPU
		{2B0D6272-CFB9-498A-9277-51A859B7B9BC}.Debug|x86.Build.0 = Debug|Any CPU
		{2B0D6272-CFB9-498A-9277-51A859B7B9BC}.Release|Any CPU.ActiveCfg = Release|Any CPU
		{2B0D6272-CFB9-498A-9277-51A859B7B9BC}.Release|Any CPU.Build.0 = Release|Any CPU
		{2B0D6272-CFB9-498A-9277-51A859B7B9BC}.Release|x64.ActiveCfg = Release|Any CPU
		{2B0D6272-CFB9-498A-9277-51A859B7B9BC}.Release|x64.Build.0 = Release|Any CPU
		{2B0D6272-CFB9-498A-9277-51A859B7B9BC}.Release|x86.ActiveCfg = Release|Any CPU
		{2B0D6272-CFB9-498A-9277-51A859B7B9BC}.Release|x86.Build.0 = Release|Any CPU
		{E9C95B93-C220-4B00-BD03-B0735901B86D}.Debug|Any CPU.ActiveCfg = Debug|Any CPU
		{E9C95B93-C220-4B00-BD03-B0735901B86D}.Debug|Any CPU.Build.0 = Debug|Any CPU
		{E9C95B93-C220-4B00-BD03-B0735901B86D}.Debug|x64.ActiveCfg = Debug|Any CPU
		{E9C95B93-C220-4B00-BD03-B0735901B86D}.Debug|x64.Build.0 = Debug|Any CPU
		{E9C95B93-C220-4B00-BD03-B0735901B86D}.Debug|x86.ActiveCfg = Debug|Any CPU
		{E9C95B93-C220-4B00-BD03-B0735901B86D}.Debug|x86.Build.0 = Debug|Any CPU
		{E9C95B93-C220-4B00-BD03-B0735901B86D}.Release|Any CPU.ActiveCfg = Release|Any CPU
		{E9C95B93-C220-4B00-BD03-B0735901B86D}.Release|Any CPU.Build.0 = Release|Any CPU
		{E9C95B93-C220-4B00-BD03-B0735901B86D}.Release|x64.ActiveCfg = Release|Any CPU
		{E9C95B93-C220-4B00-BD03-B0735901B86D}.Release|x64.Build.0 = Release|Any CPU
		{E9C95B93-C220-4B00-BD03-B0735901B86D}.Release|x86.ActiveCfg = Release|Any CPU
		{E9C95B93-C220-4B00-BD03-B0735901B86D}.Release|x86.Build.0 = Release|Any CPU
		{86C89BE3-0E91-435F-BF73-7289B9EBDF3E}.Debug|Any CPU.ActiveCfg = Debug|Any CPU
		{86C89BE3-0E91-435F-BF73-7289B9EBDF3E}.Debug|Any CPU.Build.0 = Debug|Any CPU
		{86C89BE3-0E91-435F-BF73-7289B9EBDF3E}.Debug|x64.ActiveCfg = Debug|Any CPU
		{86C89BE3-0E91-435F-BF73-7289B9EBDF3E}.Debug|x64.Build.0 = Debug|Any CPU
		{86C89BE3-0E91-435F-BF73-7289B9EBDF3E}.Debug|x86.ActiveCfg = Debug|Any CPU
		{86C89BE3-0E91-435F-BF73-7289B9EBDF3E}.Debug|x86.Build.0 = Debug|Any CPU
		{86C89BE3-0E91-435F-BF73-7289B9EBDF3E}.Release|Any CPU.ActiveCfg = Release|Any CPU
		{86C89BE3-0E91-435F-BF73-7289B9EBDF3E}.Release|Any CPU.Build.0 = Release|Any CPU
		{86C89BE3-0E91-435F-BF73-7289B9EBDF3E}.Release|x64.ActiveCfg = Release|Any CPU
		{86C89BE3-0E91-435F-BF73-7289B9EBDF3E}.Release|x64.Build.0 = Release|Any CPU
		{86C89BE3-0E91-435F-BF73-7289B9EBDF3E}.Release|x86.ActiveCfg = Release|Any CPU
		{86C89BE3-0E91-435F-BF73-7289B9EBDF3E}.Release|x86.Build.0 = Release|Any CPU
		{B9C82911-6423-42AF-A76F-CB7D8A83F973}.Debug|Any CPU.ActiveCfg = Debug|Any CPU
		{B9C82911-6423-42AF-A76F-CB7D8A83F973}.Debug|Any CPU.Build.0 = Debug|Any CPU
		{B9C82911-6423-42AF-A76F-CB7D8A83F973}.Debug|x64.ActiveCfg = Debug|Any CPU
		{B9C82911-6423-42AF-A76F-CB7D8A83F973}.Debug|x64.Build.0 = Debug|Any CPU
		{B9C82911-6423-42AF-A76F-CB7D8A83F973}.Debug|x86.ActiveCfg = Debug|Any CPU
		{B9C82911-6423-42AF-A76F-CB7D8A83F973}.Debug|x86.Build.0 = Debug|Any CPU
		{B9C82911-6423-42AF-A76F-CB7D8A83F973}.Release|Any CPU.ActiveCfg = Release|Any CPU
		{B9C82911-6423-42AF-A76F-CB7D8A83F973}.Release|Any CPU.Build.0 = Release|Any CPU
		{B9C82911-6423-42AF-A76F-CB7D8A83F973}.Release|x64.ActiveCfg = Release|Any CPU
		{B9C82911-6423-42AF-A76F-CB7D8A83F973}.Release|x64.Build.0 = Release|Any CPU
		{B9C82911-6423-42AF-A76F-CB7D8A83F973}.Release|x86.ActiveCfg = Release|Any CPU
		{B9C82911-6423-42AF-A76F-CB7D8A83F973}.Release|x86.Build.0 = Release|Any CPU
	EndGlobalSection
	GlobalSection(SolutionProperties) = preSolution
		HideSolutionNode = FALSE
	EndGlobalSection
	GlobalSection(ExtensibilityGlobals) = postSolution
		SolutionGuid = {98A87B2C-BEAB-4CFE-848C-C0BA55BF812B}
	EndGlobalSection
EndGlobal
